// !$*UTF8*$!
{
	archiveVersion = 1;
	classes = {
	};
	objectVersion = 56;
	objects = {

/* Begin PBXBuildFile section */
		3D92EDA62BDF6F2700542257 /* AppDelegate.m in Sources */ = {isa = PBXBuildFile; fileRef = 3D92EDA52BDF6F2700542257 /* AppDelegate.m */; };
		3D92EDA92BDF6F2700542257 /* SceneDelegate.m in Sources */ = {isa = PBXBuildFile; fileRef = 3D92EDA82BDF6F2700542257 /* SceneDelegate.m */; };
		3D92EDAC2BDF6F2700542257 /* ViewController.m in Sources */ = {isa = PBXBuildFile; fileRef = 3D92EDAB2BDF6F2700542257 /* ViewController.m */; };
		3D92EDAF2BDF6F2700542257 /* Base in Resources */ = {isa = PBXBuildFile; fileRef = 3D92EDAE2BDF6F2700542257 /* Base */; };
		3D92EDB12BDF6F2900542257 /* Assets.xcassets in Resources */ = {isa = PBXBuildFile; fileRef = 3D92EDB02BDF6F2900542257 /* Assets.xcassets */; };
		3D92EDB42BDF6F2900542257 /* Base in Resources */ = {isa = PBXBuildFile; fileRef = 3D92EDB32BDF6F2900542257 /* Base */; };
		3D92EDB72BDF6F2900542257 /* main.m in Sources */ = {isa = PBXBuildFile; fileRef = 3D92EDB62BDF6F2900542257 /* main.m */; };
		3D92EDC42BDF71CD00542257 /* Demo2WatchOSApp.swift in Sources */ = {isa = PBXBuildFile; fileRef = 3D92EDC32BDF71CD00542257 /* Demo2WatchOSApp.swift */; };
		3D92EDC62BDF71CD00542257 /* ContentView.swift in Sources */ = {isa = PBXBuildFile; fileRef = 3D92EDC52BDF71CD00542257 /* ContentView.swift */; };
		3D92EDC82BDF71CE00542257 /* Assets.xcassets in Resources */ = {isa = PBXBuildFile; fileRef = 3D92EDC72BDF71CE00542257 /* Assets.xcassets */; };
		3D92EDCB2BDF71CE00542257 /* Preview Assets.xcassets in Resources */ = {isa = PBXBuildFile; fileRef = 3D92EDCA2BDF71CE00542257 /* Preview Assets.xcassets */; };
		3D92EDCE2BDF71CE00542257 /* Demo2WatchOS Watch App.app in Embed Watch Content */ = {isa = PBXBuildFile; fileRef = 3D92EDC12BDF71CD00542257 /* Demo2WatchOS Watch App.app */; settings = {ATTRIBUTES = (RemoveHeadersOnCopy, ); }; };
		3DEFCB182BE8CE6E00B7B1F1 /* ExtensionDelegate.swift in Sources */ = {isa = PBXBuildFile; fileRef = 3DEFCB172BE8CE6E00B7B1F1 /* ExtensionDelegate.swift */; };
/* End PBXBuildFile section */

/* Begin PBXContainerItemProxy section */
		3D92EDCC2BDF71CE00542257 /* PBXContainerItemProxy */ = {
			isa = PBXContainerItemProxy;
			containerPortal = 3D92ED992BDF6F2600542257 /* Project object */;
			proxyType = 1;
			remoteGlobalIDString = 3D92EDC02BDF71CD00542257;
			remoteInfo = "Demo2WatchOS Watch App";
		};
/* End PBXContainerItemProxy section */

/* Begin PBXCopyFilesBuildPhase section */
		3D92EDD22BDF71CE00542257 /* Embed Watch Content */ = {
			isa = PBXCopyFilesBuildPhase;
			buildActionMask = 2147483647;
			dstPath = "$(CONTENTS_FOLDER_PATH)/Watch";
			dstSubfolderSpec = 16;
			files = (
				3D92EDCE2BDF71CE00542257 /* Demo2WatchOS Watch App.app in Embed Watch Content */,
			);
			name = "Embed Watch Content";
			runOnlyForDeploymentPostprocessing = 0;
		};
/* End PBXCopyFilesBuildPhase section */

/* Begin PBXFileReference section */
		3D92EDA12BDF6F2700542257 /* Demo2.app */ = {isa = PBXFileReference; explicitFileType = wrapper.application; includeInIndex = 0; path = Demo2.app; sourceTree = BUILT_PRODUCTS_DIR; };
		3D92EDA42BDF6F2700542257 /* AppDelegate.h */ = {isa = PBXFileReference; lastKnownFileType = sourcecode.c.h; path = AppDelegate.h; sourceTree = "<group>"; };
		3D92EDA52BDF6F2700542257 /* AppDelegate.m */ = {isa = PBXFileReference; lastKnownFileType = sourcecode.c.objc; path = AppDelegate.m; sourceTree = "<group>"; };
		3D92EDA72BDF6F2700542257 /* SceneDelegate.h */ = {isa = PBXFileReference; lastKnownFileType = sourcecode.c.h; path = SceneDelegate.h; sourceTree = "<group>"; };
		3D92EDA82BDF6F2700542257 /* SceneDelegate.m */ = {isa = PBXFileReference; lastKnownFileType = sourcecode.c.objc; path = SceneDelegate.m; sourceTree = "<group>"; };
		3D92EDAA2BDF6F2700542257 /* ViewController.h */ = {isa = PBXFileReference; lastKnownFileType = sourcecode.c.h; path = ViewController.h; sourceTree = "<group>"; };
		3D92EDAB2BDF6F2700542257 /* ViewController.m */ = {isa = PBXFileReference; lastKnownFileType = sourcecode.c.objc; path = ViewController.m; sourceTree = "<group>"; };
		3D92EDAE2BDF6F2700542257 /* Base */ = {isa = PBXFileReference; lastKnownFileType = file.storyboard; name = Base; path = Base.lproj/Main.storyboard; sourceTree = "<group>"; };
		3D92EDB02BDF6F2900542257 /* Assets.xcassets */ = {isa = PBXFileReference; lastKnownFileType = folder.assetcatalog; path = Assets.xcassets; sourceTree = "<group>"; };
		3D92EDB32BDF6F2900542257 /* Base */ = {isa = PBXFileReference; lastKnownFileType = file.storyboard; name = Base; path = Base.lproj/LaunchScreen.storyboard; sourceTree = "<group>"; };
		3D92EDB52BDF6F2900542257 /* Info.plist */ = {isa = PBXFileReference; lastKnownFileType = text.plist.xml; path = Info.plist; sourceTree = "<group>"; };
		3D92EDB62BDF6F2900542257 /* main.m */ = {isa = PBXFileReference; lastKnownFileType = sourcecode.c.objc; path = main.m; sourceTree = "<group>"; };
		3D92EDC12BDF71CD00542257 /* Demo2WatchOS Watch App.app */ = {isa = PBXFileReference; explicitFileType = wrapper.application; includeInIndex = 0; path = "Demo2WatchOS Watch App.app"; sourceTree = BUILT_PRODUCTS_DIR; };
		3D92EDC32BDF71CD00542257 /* Demo2WatchOSApp.swift */ = {isa = PBXFileReference; lastKnownFileType = sourcecode.swift; path = Demo2WatchOSApp.swift; sourceTree = "<group>"; };
		3D92EDC52BDF71CD00542257 /* ContentView.swift */ = {isa = PBXFileReference; lastKnownFileType = sourcecode.swift; path = ContentView.swift; sourceTree = "<group>"; };
		3D92EDC72BDF71CE00542257 /* Assets.xcassets */ = {isa = PBXFileReference; lastKnownFileType = folder.assetcatalog; path = Assets.xcassets; sourceTree = "<group>"; };
		3D92EDCA2BDF71CE00542257 /* Preview Assets.xcassets */ = {isa = PBXFileReference; lastKnownFileType = folder.assetcatalog; path = "Preview Assets.xcassets"; sourceTree = "<group>"; };
		3DEFCB082BE8CAF000B7B1F1 /* testApp.swift */ = {isa = PBXFileReference; lastKnownFileType = sourcecode.swift; path = testApp.swift; sourceTree = "<group>"; };
		3DEFCB0A2BE8CAF000B7B1F1 /* ContentView.swift */ = {isa = PBXFileReference; lastKnownFileType = sourcecode.swift; path = ContentView.swift; sourceTree = "<group>"; };
		3DEFCB0C2BE8CAF200B7B1F1 /* Assets.xcassets */ = {isa = PBXFileReference; lastKnownFileType = folder.assetcatalog; path = Assets.xcassets; sourceTree = "<group>"; };
		3DEFCB0F2BE8CAF200B7B1F1 /* Preview Assets.xcassets */ = {isa = PBXFileReference; lastKnownFileType = folder.assetcatalog; path = "Preview Assets.xcassets"; sourceTree = "<group>"; };
		3DEFCB172BE8CE6E00B7B1F1 /* ExtensionDelegate.swift */ = {isa = PBXFileReference; lastKnownFileType = sourcecode.swift; path = ExtensionDelegate.swift; sourceTree = "<group>"; };
		3DEFCB192BE8D0DC00B7B1F1 /* Demo2WatchOS-Watch-App-Info.plist */ = {isa = PBXFileReference; lastKnownFileType = text.plist; path = "Demo2WatchOS-Watch-App-Info.plist"; sourceTree = SOURCE_ROOT; };
/* End PBXFileReference section */

/* Begin PBXFrameworksBuildPhase section */
		3D92ED9E2BDF6F2700542257 /* Frameworks */ = {
			isa = PBXFrameworksBuildPhase;
			buildActionMask = 2147483647;
			files = (
			);
			runOnlyForDeploymentPostprocessing = 0;
		};
		3D92EDBE2BDF71CD00542257 /* Frameworks */ = {
			isa = PBXFrameworksBuildPhase;
			buildActionMask = 2147483647;
			files = (
			);
			runOnlyForDeploymentPostprocessing = 0;
		};
/* End PBXFrameworksBuildPhase section */

/* Begin PBXGroup section */
		3D92ED982BDF6F2600542257 = {
			isa = PBXGroup;
			children = (
				3D92EDA32BDF6F2700542257 /* Demo2 */,
				3D92EDC22BDF71CD00542257 /* Demo2WatchOS Watch App */,
				3DEFCB072BE8CAF000B7B1F1 /* test Watch App */,
				3D92EDA22BDF6F2700542257 /* Products */,
			);
			sourceTree = "<group>";
		};
		3D92EDA22BDF6F2700542257 /* Products */ = {
			isa = PBXGroup;
			children = (
				3D92EDA12BDF6F2700542257 /* Demo2.app */,
				3D92EDC12BDF71CD00542257 /* Demo2WatchOS Watch App.app */,
			);
			name = Products;
			sourceTree = "<group>";
		};
		3D92EDA32BDF6F2700542257 /* Demo2 */ = {
			isa = PBXGroup;
			children = (
				3D92EDA42BDF6F2700542257 /* AppDelegate.h */,
				3D92EDA52BDF6F2700542257 /* AppDelegate.m */,
				3D92EDA72BDF6F2700542257 /* SceneDelegate.h */,
				3D92EDA82BDF6F2700542257 /* SceneDelegate.m */,
				3D92EDAA2BDF6F2700542257 /* ViewController.h */,
				3D92EDAB2BDF6F2700542257 /* ViewController.m */,
				3D92EDAD2BDF6F2700542257 /* Main.storyboard */,
				3D92EDB02BDF6F2900542257 /* Assets.xcassets */,
				3D92EDB22BDF6F2900542257 /* LaunchScreen.storyboard */,
				3D92EDB52BDF6F2900542257 /* Info.plist */,
				3D92EDB62BDF6F2900542257 /* main.m */,
			);
			path = Demo2;
			sourceTree = "<group>";
		};
		3D92EDC22BDF71CD00542257 /* Demo2WatchOS Watch App */ = {
			isa = PBXGroup;
			children = (
				3DEFCB192BE8D0DC00B7B1F1 /* Demo2WatchOS-Watch-App-Info.plist */,
				3D92EDC32BDF71CD00542257 /* Demo2WatchOSApp.swift */,
				3D92EDC52BDF71CD00542257 /* ContentView.swift */,
				3DEFCB172BE8CE6E00B7B1F1 /* ExtensionDelegate.swift */,
				3D92EDC72BDF71CE00542257 /* Assets.xcassets */,
				3D92EDC92BDF71CE00542257 /* Preview Content */,
			);
			path = "Demo2WatchOS Watch App";
			sourceTree = "<group>";
		};
		3D92EDC92BDF71CE00542257 /* Preview Content */ = {
			isa = PBXGroup;
			children = (
				3D92EDCA2BDF71CE00542257 /* Preview Assets.xcassets */,
			);
			path = "Preview Content";
			sourceTree = "<group>";
		};
		3DEFCB072BE8CAF000B7B1F1 /* test Watch App */ = {
			isa = PBXGroup;
			children = (
				3DEFCB082BE8CAF000B7B1F1 /* testApp.swift */,
				3DEFCB0A2BE8CAF000B7B1F1 /* ContentView.swift */,
				3DEFCB0C2BE8CAF200B7B1F1 /* Assets.xcassets */,
				3DEFCB0E2BE8CAF200B7B1F1 /* Preview Content */,
			);
			path = "test Watch App";
			sourceTree = "<group>";
		};
		3DEFCB0E2BE8CAF200B7B1F1 /* Preview Content */ = {
			isa = PBXGroup;
			children = (
				3DEFCB0F2BE8CAF200B7B1F1 /* Preview Assets.xcassets */,
			);
			path = "Preview Content";
			sourceTree = "<group>";
		};
/* End PBXGroup section */

/* Begin PBXNativeTarget section */
		3D92EDA02BDF6F2700542257 /* Demo2 */ = {
			isa = PBXNativeTarget;
			buildConfigurationList = 3D92EDBA2BDF6F2900542257 /* Build configuration list for PBXNativeTarget "Demo2" */;
			buildPhases = (
				3D92ED9D2BDF6F2700542257 /* Sources */,
				3D92ED9E2BDF6F2700542257 /* Frameworks */,
				3D92ED9F2BDF6F2700542257 /* Resources */,
				3D92EDD22BDF71CE00542257 /* Embed Watch Content */,
			);
			buildRules = (
			);
			dependencies = (
				3D92EDCD2BDF71CE00542257 /* PBXTargetDependency */,
			);
			name = Demo2;
			productName = Demo2;
			productReference = 3D92EDA12BDF6F2700542257 /* Demo2.app */;
			productType = "com.apple.product-type.application";
		};
		3D92EDC02BDF71CD00542257 /* Demo2WatchOS Watch App */ = {
			isa = PBXNativeTarget;
			buildConfigurationList = 3D92EDCF2BDF71CE00542257 /* Build configuration list for PBXNativeTarget "Demo2WatchOS Watch App" */;
			buildPhases = (
				3D92EDBD2BDF71CD00542257 /* Sources */,
				3D92EDBE2BDF71CD00542257 /* Frameworks */,
				3D92EDBF2BDF71CD00542257 /* Resources */,
			);
			buildRules = (
			);
			dependencies = (
			);
			name = "Demo2WatchOS Watch App";
			productName = "Demo2WatchOS Watch App";
			productReference = 3D92EDC12BDF71CD00542257 /* Demo2WatchOS Watch App.app */;
			productType = "com.apple.product-type.application";
		};
/* End PBXNativeTarget section */

/* Begin PBXProject section */
		3D92ED992BDF6F2600542257 /* Project object */ = {
			isa = PBXProject;
			attributes = {
				BuildIndependentTargetsInParallel = 1;
				LastSwiftUpdateCheck = 1530;
				LastUpgradeCheck = 1530;
				TargetAttributes = {
					3D92EDA02BDF6F2700542257 = {
						CreatedOnToolsVersion = 15.3;
					};
					3D92EDC02BDF71CD00542257 = {
						CreatedOnToolsVersion = 15.3;
					};
				};
			};
			buildConfigurationList = 3D92ED9C2BDF6F2600542257 /* Build configuration list for PBXProject "Demo2" */;
			compatibilityVersion = "Xcode 14.0";
			developmentRegion = en;
			hasScannedForEncodings = 0;
			knownRegions = (
				en,
				Base,
			);
			mainGroup = 3D92ED982BDF6F2600542257;
			productRefGroup = 3D92EDA22BDF6F2700542257 /* Products */;
			projectDirPath = "";
			projectRoot = "";
			targets = (
				3D92EDA02BDF6F2700542257 /* Demo2 */,
				3D92EDC02BDF71CD00542257 /* Demo2WatchOS Watch App */,
			);
		};
/* End PBXProject section */

/* Begin PBXResourcesBuildPhase section */
		3D92ED9F2BDF6F2700542257 /* Resources */ = {
			isa = PBXResourcesBuildPhase;
			buildActionMask = 2147483647;
			files = (
				3D92EDB12BDF6F2900542257 /* Assets.xcassets in Resources */,
				3D92EDB42BDF6F2900542257 /* Base in Resources */,
				3D92EDAF2BDF6F2700542257 /* Base in Resources */,
			);
			runOnlyForDeploymentPostprocessing = 0;
		};
		3D92EDBF2BDF71CD00542257 /* Resources */ = {
			isa = PBXResourcesBuildPhase;
			buildActionMask = 2147483647;
			files = (
				3D92EDCB2BDF71CE00542257 /* Preview Assets.xcassets in Resources */,
				3D92EDC82BDF71CE00542257 /* Assets.xcassets in Resources */,
			);
			runOnlyForDeploymentPostprocessing = 0;
		};
/* End PBXResourcesBuildPhase section */

/* Begin PBXSourcesBuildPhase section */
		3D92ED9D2BDF6F2700542257 /* Sources */ = {
			isa = PBXSourcesBuildPhase;
			buildActionMask = 2147483647;
			files = (
				3D92EDAC2BDF6F2700542257 /* ViewController.m in Sources */,
				3D92EDA62BDF6F2700542257 /* AppDelegate.m in Sources */,
				3D92EDB72BDF6F2900542257 /* main.m in Sources */,
				3D92EDA92BDF6F2700542257 /* SceneDelegate.m in Sources */,
			);
			runOnlyForDeploymentPostprocessing = 0;
		};
		3D92EDBD2BDF71CD00542257 /* Sources */ = {
			isa = PBXSourcesBuildPhase;
			buildActionMask = 2147483647;
			files = (
				3D92EDC62BDF71CD00542257 /* ContentView.swift in Sources */,
				3D92EDC42BDF71CD00542257 /* Demo2WatchOSApp.swift in Sources */,
				3DEFCB182BE8CE6E00B7B1F1 /* ExtensionDelegate.swift in Sources */,
			);
			runOnlyForDeploymentPostprocessing = 0;
		};
/* End PBXSourcesBuildPhase section */

/* Begin PBXTargetDependency section */
		3D92EDCD2BDF71CE00542257 /* PBXTargetDependency */ = {
			isa = PBXTargetDependency;
			target = 3D92EDC02BDF71CD00542257 /* Demo2WatchOS Watch App */;
			targetProxy = 3D92EDCC2BDF71CE00542257 /* PBXContainerItemProxy */;
		};
/* End PBXTargetDependency section */

/* Begin PBXVariantGroup section */
		3D92EDAD2BDF6F2700542257 /* Main.storyboard */ = {
			isa = PBXVariantGroup;
			children = (
				3D92EDAE2BDF6F2700542257 /* Base */,
			);
			name = Main.storyboard;
			sourceTree = "<group>";
		};
		3D92EDB22BDF6F2900542257 /* LaunchScreen.storyboard */ = {
			isa = PBXVariantGroup;
			children = (
				3D92EDB32BDF6F2900542257 /* Base */,
			);
			name = LaunchScreen.storyboard;
			sourceTree = "<group>";
		};
/* End PBXVariantGroup section */

/* Begin XCBuildConfiguration section */
		3D92EDB82BDF6F2900542257 /* Debug */ = {
			isa = XCBuildConfiguration;
			buildSettings = {
				ALWAYS_SEARCH_USER_PATHS = NO;
				ASSETCATALOG_COMPILER_GENERATE_SWIFT_ASSET_SYMBOL_EXTENSIONS = YES;
				CLANG_ANALYZER_NONNULL = YES;
				CLANG_ANALYZER_NUMBER_OBJECT_CONVERSION = YES_AGGRESSIVE;
				CLANG_CXX_LANGUAGE_STANDARD = "gnu++20";
				CLANG_ENABLE_MODULES = YES;
				CLANG_ENABLE_OBJC_ARC = YES;
				CLANG_ENABLE_OBJC_WEAK = YES;
				CLANG_WARN_BLOCK_CAPTURE_AUTORELEASING = YES;
				CLANG_WARN_BOOL_CONVERSION = YES;
				CLANG_WARN_COMMA = YES;
				CLANG_WARN_CONSTANT_CONVERSION = YES;
				CLANG_WARN_DEPRECATED_OBJC_IMPLEMENTATIONS = YES;
				CLANG_WARN_DIRECT_OBJC_ISA_USAGE = YES_ERROR;
				CLANG_WARN_DOCUMENTATION_COMMENTS = YES;
				CLANG_WARN_EMPTY_BODY = YES;
				CLANG_WARN_ENUM_CONVERSION = YES;
				CLANG_WARN_INFINITE_RECURSION = YES;
				CLANG_WARN_INT_CONVERSION = YES;
				CLANG_WARN_NON_LITERAL_NULL_CONVERSION = YES;
				CLANG_WARN_OBJC_IMPLICIT_RETAIN_SELF = YES;
				CLANG_WARN_OBJC_LITERAL_CONVERSION = YES;
				CLANG_WARN_OBJC_ROOT_CLASS = YES_ERROR;
				CLANG_WARN_QUOTED_INCLUDE_IN_FRAMEWORK_HEADER = YES;
				CLANG_WARN_RANGE_LOOP_ANALYSIS = YES;
				CLANG_WARN_STRICT_PROTOTYPES = YES;
				CLANG_WARN_SUSPICIOUS_MOVE = YES;
				CLANG_WARN_UNGUARDED_AVAILABILITY = YES_AGGRESSIVE;
				CLANG_WARN_UNREACHABLE_CODE = YES;
				CLANG_WARN__DUPLICATE_METHOD_MATCH = YES;
				COPY_PHASE_STRIP = NO;
				DEBUG_INFORMATION_FORMAT = dwarf;
				ENABLE_STRICT_OBJC_MSGSEND = YES;
				ENABLE_TESTABILITY = YES;
				ENABLE_USER_SCRIPT_SANDBOXING = YES;
				GCC_C_LANGUAGE_STANDARD = gnu17;
				GCC_DYNAMIC_NO_PIC = NO;
				GCC_NO_COMMON_BLOCKS = YES;
				GCC_OPTIMIZATION_LEVEL = 0;
				GCC_PREPROCESSOR_DEFINITIONS = (
					"DEBUG=1",
					"$(inherited)",
				);
				GCC_WARN_64_TO_32_BIT_CONVERSION = YES;
				GCC_WARN_ABOUT_RETURN_TYPE = YES_ERROR;
				GCC_WARN_UNDECLARED_SELECTOR = YES;
				GCC_WARN_UNINITIALIZED_AUTOS = YES_AGGRESSIVE;
				GCC_WARN_UNUSED_FUNCTION = YES;
				GCC_WARN_UNUSED_VARIABLE = YES;
				IPHONEOS_DEPLOYMENT_TARGET = 17.4;
				LOCALIZATION_PREFERS_STRING_CATALOGS = YES;
				MTL_ENABLE_DEBUG_INFO = INCLUDE_SOURCE;
				MTL_FAST_MATH = YES;
				ONLY_ACTIVE_ARCH = YES;
				SDKROOT = iphoneos;
			};
			name = Debug;
		};
		3D92EDB92BDF6F2900542257 /* Release */ = {
			isa = XCBuildConfiguration;
			buildSettings = {
				ALWAYS_SEARCH_USER_PATHS = NO;
				ASSETCATALOG_COMPILER_GENERATE_SWIFT_ASSET_SYMBOL_EXTENSIONS = YES;
				CLANG_ANALYZER_NONNULL = YES;
				CLANG_ANALYZER_NUMBER_OBJECT_CONVERSION = YES_AGGRESSIVE;
				CLANG_CXX_LANGUAGE_STANDARD = "gnu++20";
				CLANG_ENABLE_MODULES = YES;
				CLANG_ENABLE_OBJC_ARC = YES;
				CLANG_ENABLE_OBJC_WEAK = YES;
				CLANG_WARN_BLOCK_CAPTURE_AUTORELEASING = YES;
				CLANG_WARN_BOOL_CONVERSION = YES;
				CLANG_WARN_COMMA = YES;
				CLANG_WARN_CONSTANT_CONVERSION = YES;
				CLANG_WARN_DEPRECATED_OBJC_IMPLEMENTATIONS = YES;
				CLANG_WARN_DIRECT_OBJC_ISA_USAGE = YES_ERROR;
				CLANG_WARN_DOCUMENTATION_COMMENTS = YES;
				CLANG_WARN_EMPTY_BODY = YES;
				CLANG_WARN_ENUM_CONVERSION = YES;
				CLANG_WARN_INFINITE_RECURSION = YES;
				CLANG_WARN_INT_CONVERSION = YES;
				CLANG_WARN_NON_LITERAL_NULL_CONVERSION = YES;
				CLANG_WARN_OBJC_IMPLICIT_RETAIN_SELF = YES;
				CLANG_WARN_OBJC_LITERAL_CONVERSION = YES;
				CLANG_WARN_OBJC_ROOT_CLASS = YES_ERROR;
				CLANG_WARN_QUOTED_INCLUDE_IN_FRAMEWORK_HEADER = YES;
				CLANG_WARN_RANGE_LOOP_ANALYSIS = YES;
				CLANG_WARN_STRICT_PROTOTYPES = YES;
				CLANG_WARN_SUSPICIOUS_MOVE = YES;
				CLANG_WARN_UNGUARDED_AVAILABILITY = YES_AGGRESSIVE;
				CLANG_WARN_UNREACHABLE_CODE = YES;
				CLANG_WARN__DUPLICATE_METHOD_MATCH = YES;
				COPY_PHASE_STRIP = NO;
				DEBUG_INFORMATION_FORMAT = "dwarf-with-dsym";
				ENABLE_NS_ASSERTIONS = NO;
				ENABLE_STRICT_OBJC_MSGSEND = YES;
				ENABLE_USER_SCRIPT_SANDBOXING = YES;
				GCC_C_LANGUAGE_STANDARD = gnu17;
				GCC_NO_COMMON_BLOCKS = YES;
				GCC_WARN_64_TO_32_BIT_CONVERSION = YES;
				GCC_WARN_ABOUT_RETURN_TYPE = YES_ERROR;
				GCC_WARN_UNDECLARED_SELECTOR = YES;
				GCC_WARN_UNINITIALIZED_AUTOS = YES_AGGRESSIVE;
				GCC_WARN_UNUSED_FUNCTION = YES;
				GCC_WARN_UNUSED_VARIABLE = YES;
				IPHONEOS_DEPLOYMENT_TARGET = 17.4;
				LOCALIZATION_PREFERS_STRING_CATALOGS = YES;
				MTL_ENABLE_DEBUG_INFO = NO;
				MTL_FAST_MATH = YES;
				SDKROOT = iphoneos;
				VALIDATE_PRODUCT = YES;
			};
			name = Release;
		};
		3D92EDBB2BDF6F2900542257 /* Debug */ = {
			isa = XCBuildConfiguration;
			buildSettings = {
				ALWAYS_EMBED_SWIFT_STANDARD_LIBRARIES = YES;
				ASSETCATALOG_COMPILER_APPICON_NAME = AppIcon;
				ASSETCATALOG_COMPILER_GLOBAL_ACCENT_COLOR_NAME = AccentColor;
				CODE_SIGN_STYLE = Automatic;
				CURRENT_PROJECT_VERSION = 1;
				DEVELOPMENT_TEAM = GVLC4BHX3V;
				GENERATE_INFOPLIST_FILE = YES;
				INFOPLIST_FILE = Demo2/Info.plist;
				INFOPLIST_KEY_UIApplicationSupportsIndirectInputEvents = YES;
				INFOPLIST_KEY_UILaunchStoryboardName = LaunchScreen;
				INFOPLIST_KEY_UIMainStoryboardFile = Main;
				INFOPLIST_KEY_UISupportedInterfaceOrientations_iPad = "UIInterfaceOrientationPortrait UIInterfaceOrientationPortraitUpsideDown UIInterfaceOrientationLandscapeLeft UIInterfaceOrientationLandscapeRight";
				INFOPLIST_KEY_UISupportedInterfaceOrientations_iPhone = "UIInterfaceOrientationPortrait UIInterfaceOrientationLandscapeLeft UIInterfaceOrientationLandscapeRight";
				LD_RUNPATH_SEARCH_PATHS = (
					"$(inherited)",
					"@executable_path/Frameworks",
				);
				MARKETING_VERSION = 1.0;
				PRODUCT_BUNDLE_IDENTIFIER = com.test.Demo2;
				PRODUCT_NAME = "$(TARGET_NAME)";
				SWIFT_EMIT_LOC_STRINGS = YES;
				TARGETED_DEVICE_FAMILY = "1,2";
			};
			name = Debug;
		};
		3D92EDBC2BDF6F2900542257 /* Release */ = {
			isa = XCBuildConfiguration;
			buildSettings = {
				ALWAYS_EMBED_SWIFT_STANDARD_LIBRARIES = YES;
				ASSETCATALOG_COMPILER_APPICON_NAME = AppIcon;
				ASSETCATALOG_COMPILER_GLOBAL_ACCENT_COLOR_NAME = AccentColor;
				CODE_SIGN_STYLE = Automatic;
				CURRENT_PROJECT_VERSION = 1;
				DEVELOPMENT_TEAM = GVLC4BHX3V;
				GENERATE_INFOPLIST_FILE = YES;
				INFOPLIST_FILE = Demo2/Info.plist;
				INFOPLIST_KEY_UIApplicationSupportsIndirectInputEvents = YES;
				INFOPLIST_KEY_UILaunchStoryboardName = LaunchScreen;
				INFOPLIST_KEY_UIMainStoryboardFile = Main;
				INFOPLIST_KEY_UISupportedInterfaceOrientations_iPad = "UIInterfaceOrientationPortrait UIInterfaceOrientationPortraitUpsideDown UIInterfaceOrientationLandscapeLeft UIInterfaceOrientationLandscapeRight";
				INFOPLIST_KEY_UISupportedInterfaceOrientations_iPhone = "UIInterfaceOrientationPortrait UIInterfaceOrientationLandscapeLeft UIInterfaceOrientationLandscapeRight";
				LD_RUNPATH_SEARCH_PATHS = (
					"$(inherited)",
					"@executable_path/Frameworks",
				);
				MARKETING_VERSION = 1.0;
				PRODUCT_BUNDLE_IDENTIFIER = com.test.Demo2;
				PRODUCT_NAME = "$(TARGET_NAME)";
				SWIFT_EMIT_LOC_STRINGS = YES;
				TARGETED_DEVICE_FAMILY = "1,2";
			};
			name = Release;
		};
		3D92EDD02BDF71CE00542257 /* Debug */ = {
			isa = XCBuildConfiguration;
			buildSettings = {
				ASSETCATALOG_COMPILER_APPICON_NAME = AppIcon;
				ASSETCATALOG_COMPILER_GLOBAL_ACCENT_COLOR_NAME = AccentColor;
				ASSETCATALOG_COMPILER_INCLUDE_ALL_APPICON_ASSETS = YES;
				CODE_SIGN_STYLE = Automatic;
				CURRENT_PROJECT_VERSION = 1;
				DEVELOPMENT_ASSET_PATHS = "\"Demo2WatchOS Watch App/Preview Content\"";
				DEVELOPMENT_TEAM = GVLC4BHX3V;
				ENABLE_PREVIEWS = YES;
				GENERATE_INFOPLIST_FILE = YES;
				INFOPLIST_FILE = "Demo2WatchOS-Watch-App-Info.plist";
				INFOPLIST_KEY_CFBundleDisplayName = Demo2WatchOS;
				INFOPLIST_KEY_UISupportedInterfaceOrientations = "UIInterfaceOrientationPortrait UIInterfaceOrientationPortraitUpsideDown";
				INFOPLIST_KEY_WKCompanionAppBundleIdentifier = com.test.Demo2;
				INFOPLIST_KEY_WKRunsIndependentlyOfCompanionApp = NO;
				LD_RUNPATH_SEARCH_PATHS = (
					"$(inherited)",
					"@executable_path/Frameworks",
				);
				MARKETING_VERSION = 1.0;
				PRODUCT_BUNDLE_IDENTIFIER = com.test.Demo2.watchkitapp;
				PRODUCT_NAME = "$(TARGET_NAME)";
				SDKROOT = watchos;
				SKIP_INSTALL = YES;
				SWIFT_ACTIVE_COMPILATION_CONDITIONS = "DEBUG $(inherited)";
				SWIFT_EMIT_LOC_STRINGS = YES;
				SWIFT_OPTIMIZATION_LEVEL = "-Onone";
				SWIFT_VERSION = 5.0;
				TARGETED_DEVICE_FAMILY = 4;
				WATCHOS_DEPLOYMENT_TARGET = 10.4;
			};
			name = Debug;
		};
		3D92EDD12BDF71CE00542257 /* Release */ = {
			isa = XCBuildConfiguration;
			buildSettings = {
				ASSETCATALOG_COMPILER_APPICON_NAME = AppIcon;
				ASSETCATALOG_COMPILER_GLOBAL_ACCENT_COLOR_NAME = AccentColor;
				ASSETCATALOG_COMPILER_INCLUDE_ALL_APPICON_ASSETS = YES;
				CODE_SIGN_STYLE = Automatic;
				CURRENT_PROJECT_VERSION = 1;
				DEVELOPMENT_ASSET_PATHS = "\"Demo2WatchOS Watch App/Preview Content\"";
				DEVELOPMENT_TEAM = GVLC4BHX3V;
				ENABLE_PREVIEWS = YES;
				GENERATE_INFOPLIST_FILE = YES;
				INFOPLIST_FILE = "Demo2WatchOS-Watch-App-Info.plist";
				INFOPLIST_KEY_CFBundleDisplayName = Demo2WatchOS;
				INFOPLIST_KEY_UISupportedInterfaceOrientations = "UIInterfaceOrientationPortrait UIInterfaceOrientationPortraitUpsideDown";
				INFOPLIST_KEY_WKCompanionAppBundleIdentifier = com.test.Demo2;
				INFOPLIST_KEY_WKRunsIndependentlyOfCompanionApp = NO;
				LD_RUNPATH_SEARCH_PATHS = (
					"$(inherited)",
					"@executable_path/Frameworks",
				);
				MARKETING_VERSION = 1.0;
				PRODUCT_BUNDLE_IDENTIFIER = com.test.Demo2.watchkitapp;
				PRODUCT_NAME = "$(TARGET_NAME)";
				SDKROOT = watchos;
				SKIP_INSTALL = YES;
				SWIFT_COMPILATION_MODE = wholemodule;
				SWIFT_EMIT_LOC_STRINGS = YES;
				SWIFT_VERSION = 5.0;
				TARGETED_DEVICE_FAMILY = 4;
				WATCHOS_DEPLOYMENT_TARGET = 10.4;
			};
			name = Release;
		};
/* End XCBuildConfiguration section */

/* Begin XCConfigurationList section */
		3D92ED9C2BDF6F2600542257 /* Build configuration list for PBXProject "Demo2" */ = {
			isa = XCConfigurationList;
			buildConfigurations = (
				3D92EDB82BDF6F2900542257 /* Debug */,
				3D92EDB92BDF6F2900542257 /* Release */,
			);
			defaultConfigurationIsVisible = 0;
			defaultConfigurationName = Debug;
		};
		3D92EDBA2BDF6F2900542257 /* Build configuration list for PBXNativeTarget "Demo2" */ = {
			isa = XCConfigurationList;
			buildConfigurations = (
				3D92EDBB2BDF6F2900542257 /* Debug */,
				3D92EDBC2BDF6F2900542257 /* Release */,
			);
			defaultConfigurationIsVisible = 0;
			defaultConfigurationName = Debug;
		};
		3D92EDCF2BDF71CE00542257 /* Build configuration list for PBXNativeTarget "Demo2WatchOS Watch App" */ = {
			isa = XCConfigurationList;
			buildConfigurations = (
				3D92EDD02BDF71CE00542257 /* Debug */,
				3D92EDD12BDF71CE00542257 /* Release */,
			);
			defaultConfigurationIsVisible = 0;
			defaultConfigurationName = Debug;
		};
/* End XCConfigurationList section */
	};
	rootObject = 3D92ED992BDF6F2600542257 /* Project object */;
}
